
Microsoft Visual Studio Solution File, Format Version 12.00
# Visual Studio Version 16
VisualStudioVersion = 16.0.28803.202
MinimumVisualStudioVersion = 10.0.40219.1
Project("{9A19103F-16F7-4668-BE54-9A1E7A4F7556}") = "LogicBuilding", "LogicBuilding\LogicBuilding.csproj", "{8CAE5A4D-53C4-4A5B-A7CC-90BD32C89721}"
EndProject
Project("{2150E333-8FDC-42A3-9474-1A3956D46DE8}") = "Loops", "Loops", "{BAE5BD72-38D2-469C-8000-74CE62221D9F}"
EndProject
Project("{9A19103F-16F7-4668-BE54-9A1E7A4F7556}") = "For", "For\For.csproj", "{C2A4E7C7-9CDC-4575-9025-414A18DC3CAD}"
EndProject
Project("{9A19103F-16F7-4668-BE54-9A1E7A4F7556}") = "While", "While\While.csproj", "{4B32E52D-95DE-423B-8A14-58723ACE55F5}"
EndProject
Project("{9A19103F-16F7-4668-BE54-9A1E7A4F7556}") = "DoWhile", "DoWhile\DoWhile.csproj", "{8DF15A82-1D09-4906-AD24-9E43AD9F0261}"
EndProject
Project("{2150E333-8FDC-42A3-9474-1A3956D46DE8}") = "Conditions", "Conditions", "{3F920DE3-BB77-4499-A939-494BCDBE1863}"
EndProject
Project("{9A19103F-16F7-4668-BE54-9A1E7A4F7556}") = "If", "If\If.csproj", "{AFD1974E-43BF-462D-9424-33EBEB296A1E}"
EndProject
Project("{9A19103F-16F7-4668-BE54-9A1E7A4F7556}") = "Switch", "Switch\Switch.csproj", "{D1BD253C-98D0-4298-BE00-875ED7901D6C}"
EndProject
Project("{2150E333-8FDC-42A3-9474-1A3956D46DE8}") = "Collection", "Collection", "{12A0B9A7-BD60-4009-897C-AF5D21E0B29E}"
EndProject
Project("{9A19103F-16F7-4668-BE54-9A1E7A4F7556}") = "Array", "Collection_Array\Array.csproj", "{E6135215-1735-4DDF-8908-32DE741BBD3E}"
EndProject
Project("{9A19103F-16F7-4668-BE54-9A1E7A4F7556}") = "List", "Collection_List\List.csproj", "{5CD78638-BC0E-4810-B4A8-B60F9DF03CA6}"
EndProject
Project("{9A19103F-16F7-4668-BE54-9A1E7A4F7556}") = "Foreach", "Foreach\Foreach.csproj", "{7F6565CF-9D98-4B8A-A0D8-A5D14A74D0A4}"
EndProject
Project("{9A19103F-16F7-4668-BE54-9A1E7A4F7556}") = "For_VS_Foreach", "Extra\For_VS_Foreach.csproj", "{D33F8A5A-138B-40D8-B8A6-FF9680784237}"
EndProject
Project("{9A19103F-16F7-4668-BE54-9A1E7A4F7556}") = "Array_VS_List", "Array_VS_List\Array_VS_List.csproj", "{8E7A6502-BFE3-46BD-B2AF-6BA38034F0C1}"
EndProject
Project("{2150E333-8FDC-42A3-9474-1A3956D46DE8}") = "Extra", "Extra", "{29C28438-ED71-4BCA-9568-A217B5A5DE45}"
EndProject
Project("{9A19103F-16F7-4668-BE54-9A1E7A4F7556}") = "Inheritance", "Inheritance\Inheritance.csproj", "{91EEFC1A-360A-4A68-9C41-032196D4F16D}"
EndProject
Project("{9A19103F-16F7-4668-BE54-9A1E7A4F7556}") = "Generics", "Generics\Generics.csproj", "{40A9DBA4-988C-438C-A685-36F179266FCE}"
EndProject
Project("{9A19103F-16F7-4668-BE54-9A1E7A4F7556}") = "WaheedUllah", "WaheedUllah\WaheedUllah.csproj", "{20F8B302-CE58-4649-8430-3C932E7BFE06}"
EndProject
Project("{9A19103F-16F7-4668-BE54-9A1E7A4F7556}") = "Testing", "Testing\Testing.csproj", "{150F5C07-0E35-4472-8AA6-7EC75A9661C3}"
EndProject
Project("{9A19103F-16F7-4668-BE54-9A1E7A4F7556}") = "WA", "WA\WA.csproj", "{45A2AAD8-BBDF-4059-890B-9C280DC33177}"
EndProject
Project("{9A19103F-16F7-4668-BE54-9A1E7A4F7556}") = "LambdaExp", "LambdaExp\LambdaExp.csproj", "{ADBFED23-30D8-4F5B-AA00-F7C6D0707B7B}"
EndProject
Project("{2150E333-8FDC-42A3-9474-1A3956D46DE8}") = "Important", "Important", "{440942A0-3B08-4F32-94F0-4E74746A868B}"
EndProject
Project("{9A19103F-16F7-4668-BE54-9A1E7A4F7556}") = "Logtesting", "Logtesting\Logtesting\Logtesting.csproj", "{78601942-E06B-472A-B6E1-0C3C36CA26C5}"
EndProject
Project("{9A19103F-16F7-4668-BE54-9A1E7A4F7556}") = "Date", "Date\Date.csproj", "{B22B92F9-7D67-4255-B71E-3F3E54C7A85B}"
EndProject
Project("{9A19103F-16F7-4668-BE54-9A1E7A4F7556}") = "WA2", "WA2\WA2.csproj", "{C47B4FF1-83BC-4B5A-9535-84D5957A5308}"
EndProject
Project("{FAE04EC0-301F-11D3-BF4B-00C04F79EFBC}") = "WindowsService", "WindowsService\WindowsService.csproj", "{1E576FC6-9350-4F1B-85F2-A099D37EC2A1}"
EndProject
Project("{9A19103F-16F7-4668-BE54-9A1E7A4F7556}") = "Property", "Property\Property.csproj", "{115D0760-CAC2-4A83-92A4-414B870ACCCC}"
EndProject
Project("{9A19103F-16F7-4668-BE54-9A1E7A4F7556}") = "wa3", "wa3\wa3.csproj", "{55A8B725-1C6A-491D-874E-1956CB9D02D2}"
EndProject
Project("{9A19103F-16F7-4668-BE54-9A1E7A4F7556}") = "Testing2", "Testing2\Testing2.csproj", "{791486A4-FCD8-469B-A795-4AEB771890C5}"
EndProject
Project("{9A19103F-16F7-4668-BE54-9A1E7A4F7556}") = "Question mark", "Question mark\Question mark.csproj", "{1239E399-AF8A-42D5-BB1E-1DAFCCCD1D4D}"
EndProject
Project("{9A19103F-16F7-4668-BE54-9A1E7A4F7556}") = "Testing3", "Testing3\Testing3.csproj", "{3522AD3F-A5EF-4668-A8D4-C35DFF62BB8D}"
EndProject
Project("{FAE04EC0-301F-11D3-BF4B-00C04F79EFBC}") = "Basic WindowsService", "Basic WindowsService\Basic WindowsService.csproj", "{FD37BFD0-40AA-46E7-89A9-D47BD4374496}"
EndProject
Project("{9A19103F-16F7-4668-BE54-9A1E7A4F7556}") = "Singleton", "Singleton\Singleton.csproj", "{E3F8BF2C-1C8E-4AB0-B863-C71E335A73F7}"
EndProject
Project("{9A19103F-16F7-4668-BE54-9A1E7A4F7556}") = "SingletonLazy", "SingletonLazy\SingletonLazy.csproj", "{EB8E128D-DD1F-49A2-BB76-6F99833DDBAA}"
EndProject
Project("{2150E333-8FDC-42A3-9474-1A3956D46DE8}") = "Testing", "Testing", "{92DFF3F4-9A83-4C06-8E34-E4DAB5AE411C}"
EndProject
Project("{9A19103F-16F7-4668-BE54-9A1E7A4F7556}") = "Singleton2", "Singleton2\Singleton2.csproj", "{AEFA8BCD-2CA6-4FE2-9280-DB0C0A464E16}"
EndProject
Project("{9A19103F-16F7-4668-BE54-9A1E7A4F7556}") = "test", "test\test.csproj", "{9D19A61F-3AA4-41D9-8F8D-C4C61A4585D5}"
EndProject
Project("{9A19103F-16F7-4668-BE54-9A1E7A4F7556}") = "Dependency Injection", "Dependency Injection\Dependency Injection.csproj", "{EDEC23E9-3FED-4786-BDB3-25F922166158}"
EndProject
Project("{9A19103F-16F7-4668-BE54-9A1E7A4F7556}") = "DI", "DI\DI.csproj", "{D8868770-9CEC-447E-B83D-78F47D8205D1}"
EndProject
Project("{9A19103F-16F7-4668-BE54-9A1E7A4F7556}") = "DI2", "DI2\DI2.csproj", "{A2B2DC02-2882-4B39-AFCD-47D53C129CCC}"
EndProject
Project("{9A19103F-16F7-4668-BE54-9A1E7A4F7556}") = "Object", "Object\Object.csproj", "{B3B625D0-E04C-403A-8E1F-03FB72FC0BD7}"
EndProject
Project("{FAE04EC0-301F-11D3-BF4B-00C04F79EFBC}") = "ConsoleApp1", "ConsoleApp1\ConsoleApp1.csproj", "{956CF8E5-EA0B-4682-9575-AF310E04D227}"
EndProject
Global
	GlobalSection(SolutionConfigurationPlatforms) = preSolution
		Debug|Any CPU = Debug|Any CPU
		Release|Any CPU = Release|Any CPU
	EndGlobalSection
	GlobalSection(ProjectConfigurationPlatforms) = postSolution
		{8CAE5A4D-53C4-4A5B-A7CC-90BD32C89721}.Debug|Any CPU.ActiveCfg = Debug|Any CPU
		{8CAE5A4D-53C4-4A5B-A7CC-90BD32C89721}.Debug|Any CPU.Build.0 = Debug|Any CPU
		{8CAE5A4D-53C4-4A5B-A7CC-90BD32C89721}.Release|Any CPU.ActiveCfg = Release|Any CPU
		{8CAE5A4D-53C4-4A5B-A7CC-90BD32C89721}.Release|Any CPU.Build.0 = Release|Any CPU
		{C2A4E7C7-9CDC-4575-9025-414A18DC3CAD}.Debug|Any CPU.ActiveCfg = Debug|Any CPU
		{C2A4E7C7-9CDC-4575-9025-414A18DC3CAD}.Debug|Any CPU.Build.0 = Debug|Any CPU
		{C2A4E7C7-9CDC-4575-9025-414A18DC3CAD}.Release|Any CPU.ActiveCfg = Release|Any CPU
		{C2A4E7C7-9CDC-4575-9025-414A18DC3CAD}.Release|Any CPU.Build.0 = Release|Any CPU
		{4B32E52D-95DE-423B-8A14-58723ACE55F5}.Debug|Any CPU.ActiveCfg = Debug|Any CPU
		{4B32E52D-95DE-423B-8A14-58723ACE55F5}.Debug|Any CPU.Build.0 = Debug|Any CPU
		{4B32E52D-95DE-423B-8A14-58723ACE55F5}.Release|Any CPU.ActiveCfg = Release|Any CPU
		{4B32E52D-95DE-423B-8A14-58723ACE55F5}.Release|Any CPU.Build.0 = Release|Any CPU
		{8DF15A82-1D09-4906-AD24-9E43AD9F0261}.Debug|Any CPU.ActiveCfg = Debug|Any CPU
		{8DF15A82-1D09-4906-AD24-9E43AD9F0261}.Debug|Any CPU.Build.0 = Debug|Any CPU
		{8DF15A82-1D09-4906-AD24-9E43AD9F0261}.Release|Any CPU.ActiveCfg = Release|Any CPU
		{8DF15A82-1D09-4906-AD24-9E43AD9F0261}.Release|Any CPU.Build.0 = Release|Any CPU
		{AFD1974E-43BF-462D-9424-33EBEB296A1E}.Debug|Any CPU.ActiveCfg = Debug|Any CPU
		{AFD1974E-43BF-462D-9424-33EBEB296A1E}.Debug|Any CPU.Build.0 = Debug|Any CPU
		{AFD1974E-43BF-462D-9424-33EBEB296A1E}.Release|Any CPU.ActiveCfg = Release|Any CPU
		{AFD1974E-43BF-462D-9424-33EBEB296A1E}.Release|Any CPU.Build.0 = Release|Any CPU
		{D1BD253C-98D0-4298-BE00-875ED7901D6C}.Debug|Any CPU.ActiveCfg = Debug|Any CPU
		{D1BD253C-98D0-4298-BE00-875ED7901D6C}.Debug|Any CPU.Build.0 = Debug|Any CPU
		{D1BD253C-98D0-4298-BE00-875ED7901D6C}.Release|Any CPU.ActiveCfg = Release|Any CPU
		{D1BD253C-98D0-4298-BE00-875ED7901D6C}.Release|Any CPU.Build.0 = Release|Any CPU
		{E6135215-1735-4DDF-8908-32DE741BBD3E}.Debug|Any CPU.ActiveCfg = Debug|Any CPU
		{E6135215-1735-4DDF-8908-32DE741BBD3E}.Debug|Any CPU.Build.0 = Debug|Any CPU
		{E6135215-1735-4DDF-8908-32DE741BBD3E}.Release|Any CPU.ActiveCfg = Release|Any CPU
		{E6135215-1735-4DDF-8908-32DE741BBD3E}.Release|Any CPU.Build.0 = Release|Any CPU
		{5CD78638-BC0E-4810-B4A8-B60F9DF03CA6}.Debug|Any CPU.ActiveCfg = Debug|Any CPU
		{5CD78638-BC0E-4810-B4A8-B60F9DF03CA6}.Debug|Any CPU.Build.0 = Debug|Any CPU
		{5CD78638-BC0E-4810-B4A8-B60F9DF03CA6}.Release|Any CPU.ActiveCfg = Release|Any CPU
		{5CD78638-BC0E-4810-B4A8-B60F9DF03CA6}.Release|Any CPU.Build.0 = Release|Any CPU
		{7F6565CF-9D98-4B8A-A0D8-A5D14A74D0A4}.Debug|Any CPU.ActiveCfg = Debug|Any CPU
		{7F6565CF-9D98-4B8A-A0D8-A5D14A74D0A4}.Debug|Any CPU.Build.0 = Debug|Any CPU
		{7F6565CF-9D98-4B8A-A0D8-A5D14A74D0A4}.Release|Any CPU.ActiveCfg = Release|Any CPU
		{7F6565CF-9D98-4B8A-A0D8-A5D14A74D0A4}.Release|Any CPU.Build.0 = Release|Any CPU
		{D33F8A5A-138B-40D8-B8A6-FF9680784237}.Debug|Any CPU.ActiveCfg = Debug|Any CPU
		{D33F8A5A-138B-40D8-B8A6-FF9680784237}.Debug|Any CPU.Build.0 = Debug|Any CPU
		{D33F8A5A-138B-40D8-B8A6-FF9680784237}.Release|Any CPU.ActiveCfg = Release|Any CPU
		{D33F8A5A-138B-40D8-B8A6-FF9680784237}.Release|Any CPU.Build.0 = Release|Any CPU
		{8E7A6502-BFE3-46BD-B2AF-6BA38034F0C1}.Debug|Any CPU.ActiveCfg = Debug|Any CPU
		{8E7A6502-BFE3-46BD-B2AF-6BA38034F0C1}.Debug|Any CPU.Build.0 = Debug|Any CPU
		{8E7A6502-BFE3-46BD-B2AF-6BA38034F0C1}.Release|Any CPU.ActiveCfg = Release|Any CPU
		{8E7A6502-BFE3-46BD-B2AF-6BA38034F0C1}.Release|Any CPU.Build.0 = Release|Any CPU
		{91EEFC1A-360A-4A68-9C41-032196D4F16D}.Debug|Any CPU.ActiveCfg = Debug|Any CPU
		{91EEFC1A-360A-4A68-9C41-032196D4F16D}.Debug|Any CPU.Build.0 = Debug|Any CPU
		{91EEFC1A-360A-4A68-9C41-032196D4F16D}.Release|Any CPU.ActiveCfg = Release|Any CPU
		{91EEFC1A-360A-4A68-9C41-032196D4F16D}.Release|Any CPU.Build.0 = Release|Any CPU
		{40A9DBA4-988C-438C-A685-36F179266FCE}.Debug|Any CPU.ActiveCfg = Debug|Any CPU
		{40A9DBA4-988C-438C-A685-36F179266FCE}.Debug|Any CPU.Build.0 = Debug|Any CPU
		{40A9DBA4-988C-438C-A685-36F179266FCE}.Release|Any CPU.ActiveCfg = Release|Any CPU
		{40A9DBA4-988C-438C-A685-36F179266FCE}.Release|Any CPU.Build.0 = Release|Any CPU
		{20F8B302-CE58-4649-8430-3C932E7BFE06}.Debug|Any CPU.ActiveCfg = Debug|Any CPU
		{20F8B302-CE58-4649-8430-3C932E7BFE06}.Debug|Any CPU.Build.0 = Debug|Any CPU
		{20F8B302-CE58-4649-8430-3C932E7BFE06}.Release|Any CPU.ActiveCfg = Release|Any CPU
		{20F8B302-CE58-4649-8430-3C932E7BFE06}.Release|Any CPU.Build.0 = Release|Any CPU
		{150F5C07-0E35-4472-8AA6-7EC75A9661C3}.Debug|Any CPU.ActiveCfg = Debug|Any CPU
		{150F5C07-0E35-4472-8AA6-7EC75A9661C3}.Debug|Any CPU.Build.0 = Debug|Any CPU
		{150F5C07-0E35-4472-8AA6-7EC75A9661C3}.Release|Any CPU.ActiveCfg = Release|Any CPU
		{150F5C07-0E35-4472-8AA6-7EC75A9661C3}.Release|Any CPU.Build.0 = Release|Any CPU
		{45A2AAD8-BBDF-4059-890B-9C280DC33177}.Debug|Any CPU.ActiveCfg = Debug|Any CPU
		{45A2AAD8-BBDF-4059-890B-9C280DC33177}.Debug|Any CPU.Build.0 = Debug|Any CPU
		{45A2AAD8-BBDF-4059-890B-9C280DC33177}.Release|Any CPU.ActiveCfg = Release|Any CPU
		{45A2AAD8-BBDF-4059-890B-9C280DC33177}.Release|Any CPU.Build.0 = Release|Any CPU
		{ADBFED23-30D8-4F5B-AA00-F7C6D0707B7B}.Debug|Any CPU.ActiveCfg = Debug|Any CPU
		{ADBFED23-30D8-4F5B-AA00-F7C6D0707B7B}.Debug|Any CPU.Build.0 = Debug|Any CPU
		{ADBFED23-30D8-4F5B-AA00-F7C6D0707B7B}.Release|Any CPU.ActiveCfg = Release|Any CPU
		{ADBFED23-30D8-4F5B-AA00-F7C6D0707B7B}.Release|Any CPU.Build.0 = Release|Any CPU
		{78601942-E06B-472A-B6E1-0C3C36CA26C5}.Debug|Any CPU.ActiveCfg = Debug|Any CPU
		{78601942-E06B-472A-B6E1-0C3C36CA26C5}.Debug|Any CPU.Build.0 = Debug|Any CPU
		{78601942-E06B-472A-B6E1-0C3C36CA26C5}.Release|Any CPU.ActiveCfg = Release|Any CPU
		{78601942-E06B-472A-B6E1-0C3C36CA26C5}.Release|Any CPU.Build.0 = Release|Any CPU
		{B22B92F9-7D67-4255-B71E-3F3E54C7A85B}.Debug|Any CPU.ActiveCfg = Debug|Any CPU
		{B22B92F9-7D67-4255-B71E-3F3E54C7A85B}.Debug|Any CPU.Build.0 = Debug|Any CPU
		{B22B92F9-7D67-4255-B71E-3F3E54C7A85B}.Release|Any CPU.ActiveCfg = Release|Any CPU
		{B22B92F9-7D67-4255-B71E-3F3E54C7A85B}.Release|Any CPU.Build.0 = Release|Any CPU
		{C47B4FF1-83BC-4B5A-9535-84D5957A5308}.Debug|Any CPU.ActiveCfg = Debug|Any CPU
		{C47B4FF1-83BC-4B5A-9535-84D5957A5308}.Debug|Any CPU.Build.0 = Debug|Any CPU
		{C47B4FF1-83BC-4B5A-9535-84D5957A5308}.Release|Any CPU.ActiveCfg = Release|Any CPU
		{C47B4FF1-83BC-4B5A-9535-84D5957A5308}.Release|Any CPU.Build.0 = Release|Any CPU
		{1E576FC6-9350-4F1B-85F2-A099D37EC2A1}.Debug|Any CPU.ActiveCfg = Debug|Any CPU
		{1E576FC6-9350-4F1B-85F2-A099D37EC2A1}.Debug|Any CPU.Build.0 = Debug|Any CPU
		{1E576FC6-9350-4F1B-85F2-A099D37EC2A1}.Release|Any CPU.ActiveCfg = Release|Any CPU
		{1E576FC6-9350-4F1B-85F2-A099D37EC2A1}.Release|Any CPU.Build.0 = Release|Any CPU
		{115D0760-CAC2-4A83-92A4-414B870ACCCC}.Debug|Any CPU.ActiveCfg = Debug|Any CPU
		{115D0760-CAC2-4A83-92A4-414B870ACCCC}.Debug|Any CPU.Build.0 = Debug|Any CPU
		{115D0760-CAC2-4A83-92A4-414B870ACCCC}.Release|Any CPU.ActiveCfg = Release|Any CPU
		{115D0760-CAC2-4A83-92A4-414B870ACCCC}.Release|Any CPU.Build.0 = Release|Any CPU
		{55A8B725-1C6A-491D-874E-1956CB9D02D2}.Debug|Any CPU.ActiveCfg = Debug|Any CPU
		{55A8B725-1C6A-491D-874E-1956CB9D02D2}.Debug|Any CPU.Build.0 = Debug|Any CPU
		{55A8B725-1C6A-491D-874E-1956CB9D02D2}.Release|Any CPU.ActiveCfg = Release|Any CPU
		{55A8B725-1C6A-491D-874E-1956CB9D02D2}.Release|Any CPU.Build.0 = Release|Any CPU
		{791486A4-FCD8-469B-A795-4AEB771890C5}.Debug|Any CPU.ActiveCfg = Debug|Any CPU
		{791486A4-FCD8-469B-A795-4AEB771890C5}.Debug|Any CPU.Build.0 = Debug|Any CPU
		{791486A4-FCD8-469B-A795-4AEB771890C5}.Release|Any CPU.ActiveCfg = Release|Any CPU
		{791486A4-FCD8-469B-A795-4AEB771890C5}.Release|Any CPU.Build.0 = Release|Any CPU
		{1239E399-AF8A-42D5-BB1E-1DAFCCCD1D4D}.Debug|Any CPU.ActiveCfg = Debug|Any CPU
		{1239E399-AF8A-42D5-BB1E-1DAFCCCD1D4D}.Debug|Any CPU.Build.0 = Debug|Any CPU
		{1239E399-AF8A-42D5-BB1E-1DAFCCCD1D4D}.Release|Any CPU.ActiveCfg = Release|Any CPU
		{1239E399-AF8A-42D5-BB1E-1DAFCCCD1D4D}.Release|Any CPU.Build.0 = Release|Any CPU
		{3522AD3F-A5EF-4668-A8D4-C35DFF62BB8D}.Debug|Any CPU.ActiveCfg = Debug|Any CPU
		{3522AD3F-A5EF-4668-A8D4-C35DFF62BB8D}.Debug|Any CPU.Build.0 = Debug|Any CPU
		{3522AD3F-A5EF-4668-A8D4-C35DFF62BB8D}.Release|Any CPU.ActiveCfg = Release|Any CPU
		{3522AD3F-A5EF-4668-A8D4-C35DFF62BB8D}.Release|Any CPU.Build.0 = Release|Any CPU
		{FD37BFD0-40AA-46E7-89A9-D47BD4374496}.Debug|Any CPU.ActiveCfg = Debug|Any CPU
		{FD37BFD0-40AA-46E7-89A9-D47BD4374496}.Debug|Any CPU.Build.0 = Debug|Any CPU
		{FD37BFD0-40AA-46E7-89A9-D47BD4374496}.Release|Any CPU.ActiveCfg = Release|Any CPU
		{FD37BFD0-40AA-46E7-89A9-D47BD4374496}.Release|Any CPU.Build.0 = Release|Any CPU
		{E3F8BF2C-1C8E-4AB0-B863-C71E335A73F7}.Debug|Any CPU.ActiveCfg = Debug|Any CPU
		{E3F8BF2C-1C8E-4AB0-B863-C71E335A73F7}.Debug|Any CPU.Build.0 = Debug|Any CPU
		{E3F8BF2C-1C8E-4AB0-B863-C71E335A73F7}.Release|Any CPU.ActiveCfg = Release|Any CPU
		{E3F8BF2C-1C8E-4AB0-B863-C71E335A73F7}.Release|Any CPU.Build.0 = Release|Any CPU
		{EB8E128D-DD1F-49A2-BB76-6F99833DDBAA}.Debug|Any CPU.ActiveCfg = Debug|Any CPU
		{EB8E128D-DD1F-49A2-BB76-6F99833DDBAA}.Debug|Any CPU.Build.0 = Debug|Any CPU
		{EB8E128D-DD1F-49A2-BB76-6F99833DDBAA}.Release|Any CPU.ActiveCfg = Release|Any CPU
		{EB8E128D-DD1F-49A2-BB76-6F99833DDBAA}.Release|Any CPU.Build.0 = Release|Any CPU
		{AEFA8BCD-2CA6-4FE2-9280-DB0C0A464E16}.Debug|Any CPU.ActiveCfg = Debug|Any CPU
		{AEFA8BCD-2CA6-4FE2-9280-DB0C0A464E16}.Debug|Any CPU.Build.0 = Debug|Any CPU
		{AEFA8BCD-2CA6-4FE2-9280-DB0C0A464E16}.Release|Any CPU.ActiveCfg = Release|Any CPU
		{AEFA8BCD-2CA6-4FE2-9280-DB0C0A464E16}.Release|Any CPU.Build.0 = Release|Any CPU
		{9D19A61F-3AA4-41D9-8F8D-C4C61A4585D5}.Debug|Any CPU.ActiveCfg = Debug|Any CPU
		{9D19A61F-3AA4-41D9-8F8D-C4C61A4585D5}.Debug|Any CPU.Build.0 = Debug|Any CPU
		{9D19A61F-3AA4-41D9-8F8D-C4C61A4585D5}.Release|Any CPU.ActiveCfg = Release|Any CPU
		{9D19A61F-3AA4-41D9-8F8D-C4C61A4585D5}.Release|Any CPU.Build.0 = Release|Any CPU
		{EDEC23E9-3FED-4786-BDB3-25F922166158}.Debug|Any CPU.ActiveCfg = Debug|Any CPU
		{EDEC23E9-3FED-4786-BDB3-25F922166158}.Debug|Any CPU.Build.0 = Debug|Any CPU
		{EDEC23E9-3FED-4786-BDB3-25F922166158}.Release|Any CPU.ActiveCfg = Release|Any CPU
		{EDEC23E9-3FED-4786-BDB3-25F922166158}.Release|Any CPU.Build.0 = Release|Any CPU
		{D8868770-9CEC-447E-B83D-78F47D8205D1}.Debug|Any CPU.ActiveCfg = Debug|Any CPU
		{D8868770-9CEC-447E-B83D-78F47D8205D1}.Debug|Any CPU.Build.0 = Debug|Any CPU
		{D8868770-9CEC-447E-B83D-78F47D8205D1}.Release|Any CPU.ActiveCfg = Release|Any CPU
		{D8868770-9CEC-447E-B83D-78F47D8205D1}.Release|Any CPU.Build.0 = Release|Any CPU
		{A2B2DC02-2882-4B39-AFCD-47D53C129CCC}.Debug|Any CPU.ActiveCfg = Debug|Any CPU
		{A2B2DC02-2882-4B39-AFCD-47D53C129CCC}.Debug|Any CPU.Build.0 = Debug|Any CPU
		{A2B2DC02-2882-4B39-AFCD-47D53C129CCC}.Release|Any CPU.ActiveCfg = Release|Any CPU
		{A2B2DC02-2882-4B39-AFCD-47D53C129CCC}.Release|Any CPU.Build.0 = Release|Any CPU
		{B3B625D0-E04C-403A-8E1F-03FB72FC0BD7}.Debug|Any CPU.ActiveCfg = Debug|Any CPU
		{B3B625D0-E04C-403A-8E1F-03FB72FC0BD7}.Debug|Any CPU.Build.0 = Debug|Any CPU
		{B3B625D0-E04C-403A-8E1F-03FB72FC0BD7}.Release|Any CPU.ActiveCfg = Release|Any CPU
		{B3B625D0-E04C-403A-8E1F-03FB72FC0BD7}.Release|Any CPU.Build.0 = Release|Any CPU
		{956CF8E5-EA0B-4682-9575-AF310E04D227}.Debug|Any CPU.ActiveCfg = Debug|Any CPU
		{956CF8E5-EA0B-4682-9575-AF310E04D227}.Debug|Any CPU.Build.0 = Debug|Any CPU
		{956CF8E5-EA0B-4682-9575-AF310E04D227}.Release|Any CPU.ActiveCfg = Release|Any CPU
		{956CF8E5-EA0B-4682-9575-AF310E04D227}.Release|Any CPU.Build.0 = Release|Any CPU
	EndGlobalSection
	GlobalSection(SolutionProperties) = preSolution
		HideSolutionNode = FALSE
	EndGlobalSection
	GlobalSection(NestedProjects) = preSolution
		{C2A4E7C7-9CDC-4575-9025-414A18DC3CAD} = {BAE5BD72-38D2-469C-8000-74CE62221D9F}
		{4B32E52D-95DE-423B-8A14-58723ACE55F5} = {BAE5BD72-38D2-469C-8000-74CE62221D9F}
		{8DF15A82-1D09-4906-AD24-9E43AD9F0261} = {BAE5BD72-38D2-469C-8000-74CE62221D9F}
		{AFD1974E-43BF-462D-9424-33EBEB296A1E} = {3F920DE3-BB77-4499-A939-494BCDBE1863}
		{D1BD253C-98D0-4298-BE00-875ED7901D6C} = {3F920DE3-BB77-4499-A939-494BCDBE1863}
		{E6135215-1735-4DDF-8908-32DE741BBD3E} = {12A0B9A7-BD60-4009-897C-AF5D21E0B29E}
		{5CD78638-BC0E-4810-B4A8-B60F9DF03CA6} = {12A0B9A7-BD60-4009-897C-AF5D21E0B29E}
		{7F6565CF-9D98-4B8A-A0D8-A5D14A74D0A4} = {BAE5BD72-38D2-469C-8000-74CE62221D9F}
		{D33F8A5A-138B-40D8-B8A6-FF9680784237} = {BAE5BD72-38D2-469C-8000-74CE62221D9F}
		{8E7A6502-BFE3-46BD-B2AF-6BA38034F0C1} = {12A0B9A7-BD60-4009-897C-AF5D21E0B29E}
		{91EEFC1A-360A-4A68-9C41-032196D4F16D} = {29C28438-ED71-4BCA-9568-A217B5A5DE45}
		{40A9DBA4-988C-438C-A685-36F179266FCE} = {29C28438-ED71-4BCA-9568-A217B5A5DE45}
		{20F8B302-CE58-4649-8430-3C932E7BFE06} = {29C28438-ED71-4BCA-9568-A217B5A5DE45}
		{150F5C07-0E35-4472-8AA6-7EC75A9661C3} = {29C28438-ED71-4BCA-9568-A217B5A5DE45}
		{45A2AAD8-BBDF-4059-890B-9C280DC33177} = {29C28438-ED71-4BCA-9568-A217B5A5DE45}
		{ADBFED23-30D8-4F5B-AA00-F7C6D0707B7B} = {29C28438-ED71-4BCA-9568-A217B5A5DE45}
		{78601942-E06B-472A-B6E1-0C3C36CA26C5} = {440942A0-3B08-4F32-94F0-4E74746A868B}
		{B22B92F9-7D67-4255-B71E-3F3E54C7A85B} = {29C28438-ED71-4BCA-9568-A217B5A5DE45}
		{C47B4FF1-83BC-4B5A-9535-84D5957A5308} = {29C28438-ED71-4BCA-9568-A217B5A5DE45}
		{1E576FC6-9350-4F1B-85F2-A099D37EC2A1} = {440942A0-3B08-4F32-94F0-4E74746A868B}
		{115D0760-CAC2-4A83-92A4-414B870ACCCC} = {440942A0-3B08-4F32-94F0-4E74746A868B}
		{55A8B725-1C6A-491D-874E-1956CB9D02D2} = {29C28438-ED71-4BCA-9568-A217B5A5DE45}
		{791486A4-FCD8-469B-A795-4AEB771890C5} = {29C28438-ED71-4BCA-9568-A217B5A5DE45}
		{1239E399-AF8A-42D5-BB1E-1DAFCCCD1D4D} = {29C28438-ED71-4BCA-9568-A217B5A5DE45}
		{3522AD3F-A5EF-4668-A8D4-C35DFF62BB8D} = {29C28438-ED71-4BCA-9568-A217B5A5DE45}
		{FD37BFD0-40AA-46E7-89A9-D47BD4374496} = {440942A0-3B08-4F32-94F0-4E74746A868B}
		{E3F8BF2C-1C8E-4AB0-B863-C71E335A73F7} = {440942A0-3B08-4F32-94F0-4E74746A868B}
		{EB8E128D-DD1F-49A2-BB76-6F99833DDBAA} = {440942A0-3B08-4F32-94F0-4E74746A868B}
		{AEFA8BCD-2CA6-4FE2-9280-DB0C0A464E16} = {92DFF3F4-9A83-4C06-8E34-E4DAB5AE411C}
		{9D19A61F-3AA4-41D9-8F8D-C4C61A4585D5} = {92DFF3F4-9A83-4C06-8E34-E4DAB5AE411C}
		{EDEC23E9-3FED-4786-BDB3-25F922166158} = {92DFF3F4-9A83-4C06-8E34-E4DAB5AE411C}
		{D8868770-9CEC-447E-B83D-78F47D8205D1} = {92DFF3F4-9A83-4C06-8E34-E4DAB5AE411C}
		{A2B2DC02-2882-4B39-AFCD-47D53C129CCC} = {92DFF3F4-9A83-4C06-8E34-E4DAB5AE411C}
		{B3B625D0-E04C-403A-8E1F-03FB72FC0BD7} = {92DFF3F4-9A83-4C06-8E34-E4DAB5AE411C}
	EndGlobalSection
	GlobalSection(ExtensibilityGlobals) = postSolution
		SolutionGuid = {647BCA3B-4E4C-4DAB-9A4E-1EC8A53D5520}
	EndGlobalSection
EndGlobal
