
Microsoft Visual Studio Solution File, Format Version 12.00
# Visual Studio 15
VisualStudioVersion = 15.0.27428.2002
MinimumVisualStudioVersion = 10.0.40219.1
Project("{9A19103F-16F7-4668-BE54-9A1E7A4F7556}") = "LogicBuilding", "LogicBuilding\LogicBuilding.csproj", "{8CAE5A4D-53C4-4A5B-A7CC-90BD32C89721}"
EndProject
Project("{2150E333-8FDC-42A3-9474-1A3956D46DE8}") = "Loops", "Loops", "{BAE5BD72-38D2-469C-8000-74CE62221D9F}"
EndProject
Project("{9A19103F-16F7-4668-BE54-9A1E7A4F7556}") = "For", "For\For.csproj", "{C2A4E7C7-9CDC-4575-9025-414A18DC3CAD}"
EndProject
Project("{9A19103F-16F7-4668-BE54-9A1E7A4F7556}") = "While", "While\While.csproj", "{4B32E52D-95DE-423B-8A14-58723ACE55F5}"
EndProject
Project("{9A19103F-16F7-4668-BE54-9A1E7A4F7556}") = "DoWhile", "DoWhile\DoWhile.csproj", "{8DF15A82-1D09-4906-AD24-9E43AD9F0261}"
EndProject
Project("{2150E333-8FDC-42A3-9474-1A3956D46DE8}") = "Conditions", "Conditions", "{3F920DE3-BB77-4499-A939-494BCDBE1863}"
EndProject
Project("{9A19103F-16F7-4668-BE54-9A1E7A4F7556}") = "If", "If\If.csproj", "{AFD1974E-43BF-462D-9424-33EBEB296A1E}"
EndProject
Project("{9A19103F-16F7-4668-BE54-9A1E7A4F7556}") = "Switch", "Switch\Switch.csproj", "{D1BD253C-98D0-4298-BE00-875ED7901D6C}"
EndProject
Project("{2150E333-8FDC-42A3-9474-1A3956D46DE8}") = "Collection", "Collection", "{12A0B9A7-BD60-4009-897C-AF5D21E0B29E}"
EndProject
Project("{9A19103F-16F7-4668-BE54-9A1E7A4F7556}") = "Array", "Collection_Array\Array.csproj", "{E6135215-1735-4DDF-8908-32DE741BBD3E}"
EndProject
Project("{9A19103F-16F7-4668-BE54-9A1E7A4F7556}") = "List", "Collection_List\List.csproj", "{5CD78638-BC0E-4810-B4A8-B60F9DF03CA6}"
EndProject
Project("{9A19103F-16F7-4668-BE54-9A1E7A4F7556}") = "Foreach", "Foreach\Foreach.csproj", "{7F6565CF-9D98-4B8A-A0D8-A5D14A74D0A4}"
EndProject
Project("{9A19103F-16F7-4668-BE54-9A1E7A4F7556}") = "For_VS_Foreach", "Extra\For_VS_Foreach.csproj", "{D33F8A5A-138B-40D8-B8A6-FF9680784237}"
EndProject
Project("{9A19103F-16F7-4668-BE54-9A1E7A4F7556}") = "Array_VS_List", "Array_VS_List\Array_VS_List.csproj", "{8E7A6502-BFE3-46BD-B2AF-6BA38034F0C1}"
EndProject
Project("{2150E333-8FDC-42A3-9474-1A3956D46DE8}") = "Extra", "Extra", "{29C28438-ED71-4BCA-9568-A217B5A5DE45}"
EndProject
Project("{9A19103F-16F7-4668-BE54-9A1E7A4F7556}") = "Inheritance", "Inheritance\Inheritance.csproj", "{91EEFC1A-360A-4A68-9C41-032196D4F16D}"
EndProject
Project("{9A19103F-16F7-4668-BE54-9A1E7A4F7556}") = "Generics", "Generics\Generics.csproj", "{40A9DBA4-988C-438C-A685-36F179266FCE}"
EndProject
Project("{9A19103F-16F7-4668-BE54-9A1E7A4F7556}") = "WaheedUllah", "WaheedUllah\WaheedUllah.csproj", "{20F8B302-CE58-4649-8430-3C932E7BFE06}"
EndProject
Project("{FAE04EC0-301F-11D3-BF4B-00C04F79EFBC}") = "Testing", "Testing\Testing.csproj", "{150F5C07-0E35-4472-8AA6-7EC75A9661C3}"
EndProject
Global
	GlobalSection(SolutionConfigurationPlatforms) = preSolution
		Debug|Any CPU = Debug|Any CPU
		Release|Any CPU = Release|Any CPU
	EndGlobalSection
	GlobalSection(ProjectConfigurationPlatforms) = postSolution
		{8CAE5A4D-53C4-4A5B-A7CC-90BD32C89721}.Debug|Any CPU.ActiveCfg = Debug|Any CPU
		{8CAE5A4D-53C4-4A5B-A7CC-90BD32C89721}.Debug|Any CPU.Build.0 = Debug|Any CPU
		{8CAE5A4D-53C4-4A5B-A7CC-90BD32C89721}.Release|Any CPU.ActiveCfg = Release|Any CPU
		{8CAE5A4D-53C4-4A5B-A7CC-90BD32C89721}.Release|Any CPU.Build.0 = Release|Any CPU
		{C2A4E7C7-9CDC-4575-9025-414A18DC3CAD}.Debug|Any CPU.ActiveCfg = Debug|Any CPU
		{C2A4E7C7-9CDC-4575-9025-414A18DC3CAD}.Debug|Any CPU.Build.0 = Debug|Any CPU
		{C2A4E7C7-9CDC-4575-9025-414A18DC3CAD}.Release|Any CPU.ActiveCfg = Release|Any CPU
		{C2A4E7C7-9CDC-4575-9025-414A18DC3CAD}.Release|Any CPU.Build.0 = Release|Any CPU
		{4B32E52D-95DE-423B-8A14-58723ACE55F5}.Debug|Any CPU.ActiveCfg = Debug|Any CPU
		{4B32E52D-95DE-423B-8A14-58723ACE55F5}.Debug|Any CPU.Build.0 = Debug|Any CPU
		{4B32E52D-95DE-423B-8A14-58723ACE55F5}.Release|Any CPU.ActiveCfg = Release|Any CPU
		{4B32E52D-95DE-423B-8A14-58723ACE55F5}.Release|Any CPU.Build.0 = Release|Any CPU
		{8DF15A82-1D09-4906-AD24-9E43AD9F0261}.Debug|Any CPU.ActiveCfg = Debug|Any CPU
		{8DF15A82-1D09-4906-AD24-9E43AD9F0261}.Debug|Any CPU.Build.0 = Debug|Any CPU
		{8DF15A82-1D09-4906-AD24-9E43AD9F0261}.Release|Any CPU.ActiveCfg = Release|Any CPU
		{8DF15A82-1D09-4906-AD24-9E43AD9F0261}.Release|Any CPU.Build.0 = Release|Any CPU
		{AFD1974E-43BF-462D-9424-33EBEB296A1E}.Debug|Any CPU.ActiveCfg = Debug|Any CPU
		{AFD1974E-43BF-462D-9424-33EBEB296A1E}.Debug|Any CPU.Build.0 = Debug|Any CPU
		{AFD1974E-43BF-462D-9424-33EBEB296A1E}.Release|Any CPU.ActiveCfg = Release|Any CPU
		{AFD1974E-43BF-462D-9424-33EBEB296A1E}.Release|Any CPU.Build.0 = Release|Any CPU
		{D1BD253C-98D0-4298-BE00-875ED7901D6C}.Debug|Any CPU.ActiveCfg = Debug|Any CPU
		{D1BD253C-98D0-4298-BE00-875ED7901D6C}.Debug|Any CPU.Build.0 = Debug|Any CPU
		{D1BD253C-98D0-4298-BE00-875ED7901D6C}.Release|Any CPU.ActiveCfg = Release|Any CPU
		{D1BD253C-98D0-4298-BE00-875ED7901D6C}.Release|Any CPU.Build.0 = Release|Any CPU
		{E6135215-1735-4DDF-8908-32DE741BBD3E}.Debug|Any CPU.ActiveCfg = Debug|Any CPU
		{E6135215-1735-4DDF-8908-32DE741BBD3E}.Debug|Any CPU.Build.0 = Debug|Any CPU
		{E6135215-1735-4DDF-8908-32DE741BBD3E}.Release|Any CPU.ActiveCfg = Release|Any CPU
		{E6135215-1735-4DDF-8908-32DE741BBD3E}.Release|Any CPU.Build.0 = Release|Any CPU
		{5CD78638-BC0E-4810-B4A8-B60F9DF03CA6}.Debug|Any CPU.ActiveCfg = Debug|Any CPU
		{5CD78638-BC0E-4810-B4A8-B60F9DF03CA6}.Debug|Any CPU.Build.0 = Debug|Any CPU
		{5CD78638-BC0E-4810-B4A8-B60F9DF03CA6}.Release|Any CPU.ActiveCfg = Release|Any CPU
		{5CD78638-BC0E-4810-B4A8-B60F9DF03CA6}.Release|Any CPU.Build.0 = Release|Any CPU
		{7F6565CF-9D98-4B8A-A0D8-A5D14A74D0A4}.Debug|Any CPU.ActiveCfg = Debug|Any CPU
		{7F6565CF-9D98-4B8A-A0D8-A5D14A74D0A4}.Debug|Any CPU.Build.0 = Debug|Any CPU
		{7F6565CF-9D98-4B8A-A0D8-A5D14A74D0A4}.Release|Any CPU.ActiveCfg = Release|Any CPU
		{7F6565CF-9D98-4B8A-A0D8-A5D14A74D0A4}.Release|Any CPU.Build.0 = Release|Any CPU
		{D33F8A5A-138B-40D8-B8A6-FF9680784237}.Debug|Any CPU.ActiveCfg = Debug|Any CPU
		{D33F8A5A-138B-40D8-B8A6-FF9680784237}.Debug|Any CPU.Build.0 = Debug|Any CPU
		{D33F8A5A-138B-40D8-B8A6-FF9680784237}.Release|Any CPU.ActiveCfg = Release|Any CPU
		{D33F8A5A-138B-40D8-B8A6-FF9680784237}.Release|Any CPU.Build.0 = Release|Any CPU
		{8E7A6502-BFE3-46BD-B2AF-6BA38034F0C1}.Debug|Any CPU.ActiveCfg = Debug|Any CPU
		{8E7A6502-BFE3-46BD-B2AF-6BA38034F0C1}.Debug|Any CPU.Build.0 = Debug|Any CPU
		{8E7A6502-BFE3-46BD-B2AF-6BA38034F0C1}.Release|Any CPU.ActiveCfg = Release|Any CPU
		{8E7A6502-BFE3-46BD-B2AF-6BA38034F0C1}.Release|Any CPU.Build.0 = Release|Any CPU
		{91EEFC1A-360A-4A68-9C41-032196D4F16D}.Debug|Any CPU.ActiveCfg = Debug|Any CPU
		{91EEFC1A-360A-4A68-9C41-032196D4F16D}.Debug|Any CPU.Build.0 = Debug|Any CPU
		{91EEFC1A-360A-4A68-9C41-032196D4F16D}.Release|Any CPU.ActiveCfg = Release|Any CPU
		{91EEFC1A-360A-4A68-9C41-032196D4F16D}.Release|Any CPU.Build.0 = Release|Any CPU
		{40A9DBA4-988C-438C-A685-36F179266FCE}.Debug|Any CPU.ActiveCfg = Debug|Any CPU
		{40A9DBA4-988C-438C-A685-36F179266FCE}.Debug|Any CPU.Build.0 = Debug|Any CPU
		{40A9DBA4-988C-438C-A685-36F179266FCE}.Release|Any CPU.ActiveCfg = Release|Any CPU
		{40A9DBA4-988C-438C-A685-36F179266FCE}.Release|Any CPU.Build.0 = Release|Any CPU
		{20F8B302-CE58-4649-8430-3C932E7BFE06}.Debug|Any CPU.ActiveCfg = Debug|Any CPU
		{20F8B302-CE58-4649-8430-3C932E7BFE06}.Debug|Any CPU.Build.0 = Debug|Any CPU
		{20F8B302-CE58-4649-8430-3C932E7BFE06}.Release|Any CPU.ActiveCfg = Release|Any CPU
		{20F8B302-CE58-4649-8430-3C932E7BFE06}.Release|Any CPU.Build.0 = Release|Any CPU
		{150F5C07-0E35-4472-8AA6-7EC75A9661C3}.Debug|Any CPU.ActiveCfg = Debug|Any CPU
		{150F5C07-0E35-4472-8AA6-7EC75A9661C3}.Debug|Any CPU.Build.0 = Debug|Any CPU
		{150F5C07-0E35-4472-8AA6-7EC75A9661C3}.Release|Any CPU.ActiveCfg = Release|Any CPU
		{150F5C07-0E35-4472-8AA6-7EC75A9661C3}.Release|Any CPU.Build.0 = Release|Any CPU
	EndGlobalSection
	GlobalSection(SolutionProperties) = preSolution
		HideSolutionNode = FALSE
	EndGlobalSection
	GlobalSection(NestedProjects) = preSolution
		{C2A4E7C7-9CDC-4575-9025-414A18DC3CAD} = {BAE5BD72-38D2-469C-8000-74CE62221D9F}
		{4B32E52D-95DE-423B-8A14-58723ACE55F5} = {BAE5BD72-38D2-469C-8000-74CE62221D9F}
		{8DF15A82-1D09-4906-AD24-9E43AD9F0261} = {BAE5BD72-38D2-469C-8000-74CE62221D9F}
		{AFD1974E-43BF-462D-9424-33EBEB296A1E} = {3F920DE3-BB77-4499-A939-494BCDBE1863}
		{D1BD253C-98D0-4298-BE00-875ED7901D6C} = {3F920DE3-BB77-4499-A939-494BCDBE1863}
		{E6135215-1735-4DDF-8908-32DE741BBD3E} = {12A0B9A7-BD60-4009-897C-AF5D21E0B29E}
		{5CD78638-BC0E-4810-B4A8-B60F9DF03CA6} = {12A0B9A7-BD60-4009-897C-AF5D21E0B29E}
		{7F6565CF-9D98-4B8A-A0D8-A5D14A74D0A4} = {BAE5BD72-38D2-469C-8000-74CE62221D9F}
		{D33F8A5A-138B-40D8-B8A6-FF9680784237} = {BAE5BD72-38D2-469C-8000-74CE62221D9F}
		{8E7A6502-BFE3-46BD-B2AF-6BA38034F0C1} = {12A0B9A7-BD60-4009-897C-AF5D21E0B29E}
		{91EEFC1A-360A-4A68-9C41-032196D4F16D} = {29C28438-ED71-4BCA-9568-A217B5A5DE45}
		{40A9DBA4-988C-438C-A685-36F179266FCE} = {29C28438-ED71-4BCA-9568-A217B5A5DE45}
		{20F8B302-CE58-4649-8430-3C932E7BFE06} = {29C28438-ED71-4BCA-9568-A217B5A5DE45}
		{150F5C07-0E35-4472-8AA6-7EC75A9661C3} = {29C28438-ED71-4BCA-9568-A217B5A5DE45}
	EndGlobalSection
	GlobalSection(ExtensibilityGlobals) = postSolution
		SolutionGuid = {647BCA3B-4E4C-4DAB-9A4E-1EC8A53D5520}
	EndGlobalSection
EndGlobal
