
Microsoft Visual Studio Solution File, Format Version 12.00
# Visual Studio 15
VisualStudioVersion = 15.0.27703.2000
MinimumVisualStudioVersion = 10.0.40219.1
Project("{FAE04EC0-301F-11D3-BF4B-00C04F79EFBC}") = "Logtesting", "Logtesting\Logtesting.csproj", "{851131D9-B841-4C26-BEB8-41B01E19C4BF}"
EndProject
Global
	GlobalSection(SolutionConfigurationPlatforms) = preSolution
		Debug|Any CPU = Debug|Any CPU
		Release|Any CPU = Release|Any CPU
	EndGlobalSection
	GlobalSection(ProjectConfigurationPlatforms) = postSolution
		{851131D9-B841-4C26-BEB8-41B01E19C4BF}.Debug|Any CPU.ActiveCfg = Debug|Any CPU
		{851131D9-B841-4C26-BEB8-41B01E19C4BF}.Debug|Any CPU.Build.0 = Debug|Any CPU
		{851131D9-B841-4C26-BEB8-41B01E19C4BF}.Release|Any CPU.ActiveCfg = Release|Any CPU
		{851131D9-B841-4C26-BEB8-41B01E19C4BF}.Release|Any CPU.Build.0 = Release|Any CPU
	EndGlobalSection
	GlobalSection(SolutionProperties) = preSolution
		HideSolutionNode = FALSE
	EndGlobalSection
	GlobalSection(ExtensibilityGlobals) = postSolution
		SolutionGuid = {8419D31E-8C4D-4CCF-B884-E5CEB7D88BC5}
	EndGlobalSection
EndGlobal
